
Microsoft Visual Studio Solution File, Format Version 12.00
# Visual Studio Version 17
VisualStudioVersion = 17.5.33530.505
MinimumVisualStudioVersion = 10.0.40219.1
Project("{2150E333-8FDC-42A3-9474-1A3956D46DE8}") = "src", "src", "{8606CBD8-21F9-4E0D-BAEE-69C382613BF2}"
EndProject
Project("{2150E333-8FDC-42A3-9474-1A3956D46DE8}") = "test", "test", "{A1AF4F8D-103F-4FB0-BA4B-A90B16A67310}"
EndProject
Project("{2150E333-8FDC-42A3-9474-1A3956D46DE8}") = "Api", "Api", "{19CCE234-6F8A-4C56-8B7A-C246449367A2}"
EndProject
Project("{2150E333-8FDC-42A3-9474-1A3956D46DE8}") = "Core", "Core", "{D8459C42-88FE-4D47-817D-C55BBDC516D2}"
EndProject
Project("{2150E333-8FDC-42A3-9474-1A3956D46DE8}") = "Infrastructure", "Infrastructure", "{81F48563-66F6-40E8-90E4-5CD70B8241CE}"
EndProject
Project("{2150E333-8FDC-42A3-9474-1A3956D46DE8}") = "Ui", "Ui", "{AE8BF1B9-4465-4784-8B13-BDCFA4BEB1CA}"
EndProject
Project("{9A19103F-16F7-4668-BE54-9A1E7A4F7556}") = "ToDo.Domain", "src\Core\ToDo.Domain\ToDo.Domain.csproj", "{3EE772B7-46DB-44F2-87EC-AD4AC5E3149E}"
EndProject
Project("{9A19103F-16F7-4668-BE54-9A1E7A4F7556}") = "ToDo.Application", "src\Core\ToDo.Application\ToDo.Application.csproj", "{EA077A0E-FBE5-44D3-85B5-9123CFC0239A}"
EndProject
Project("{FAE04EC0-301F-11D3-BF4B-00C04F79EFBC}") = "ToDo.Infrastructure", "src\Infrastructure\ToDo.Infrastructure\ToDo.Infrastructure.csproj", "{1C459A7D-E764-4BD2-9FAD-697ECAE5DD77}"
EndProject
Project("{FAE04EC0-301F-11D3-BF4B-00C04F79EFBC}") = "ToDo.Persistence", "src\Infrastructure\ToDo.Persistence\ToDo.Persistence.csproj", "{AB57ACD8-0C75-4438-8A4C-4C8FE2BAF884}"
EndProject
Project("{FAE04EC0-301F-11D3-BF4B-00C04F79EFBC}") = "ToDo.UnitTest", "test\ToDo.UnitTest\ToDo.UnitTest.csproj", "{CD411F01-96E7-4F2B-BBCC-439829FD8C96}"
EndProject
Project("{FAE04EC0-301F-11D3-BF4B-00C04F79EFBC}") = "ToDo.Api", "src\Api\ToDo.Api\ToDo.Api.csproj", "{F959F23F-E70D-4ADD-BFF4-9658048BB752}"
EndProject
Project("{FAE04EC0-301F-11D3-BF4B-00C04F79EFBC}") = "ToDo.Web", "src\Ui\ToDo.Web\ToDo.Web.csproj", "{B738B549-DA02-4759-81E1-D2A8ED2CDE97}"
EndProject
Global
	GlobalSection(SolutionConfigurationPlatforms) = preSolution
		Debug|Any CPU = Debug|Any CPU
		Release|Any CPU = Release|Any CPU
	EndGlobalSection
	GlobalSection(ProjectConfigurationPlatforms) = postSolution
		{3EE772B7-46DB-44F2-87EC-AD4AC5E3149E}.Debug|Any CPU.ActiveCfg = Debug|Any CPU
		{3EE772B7-46DB-44F2-87EC-AD4AC5E3149E}.Debug|Any CPU.Build.0 = Debug|Any CPU
		{3EE772B7-46DB-44F2-87EC-AD4AC5E3149E}.Release|Any CPU.ActiveCfg = Release|Any CPU
		{3EE772B7-46DB-44F2-87EC-AD4AC5E3149E}.Release|Any CPU.Build.0 = Release|Any CPU
		{EA077A0E-FBE5-44D3-85B5-9123CFC0239A}.Debug|Any CPU.ActiveCfg = Debug|Any CPU
		{EA077A0E-FBE5-44D3-85B5-9123CFC0239A}.Debug|Any CPU.Build.0 = Debug|Any CPU
		{EA077A0E-FBE5-44D3-85B5-9123CFC0239A}.Release|Any CPU.ActiveCfg = Release|Any CPU
		{EA077A0E-FBE5-44D3-85B5-9123CFC0239A}.Release|Any CPU.Build.0 = Release|Any CPU
		{1C459A7D-E764-4BD2-9FAD-697ECAE5DD77}.Debug|Any CPU.ActiveCfg = Debug|Any CPU
		{1C459A7D-E764-4BD2-9FAD-697ECAE5DD77}.Debug|Any CPU.Build.0 = Debug|Any CPU
		{1C459A7D-E764-4BD2-9FAD-697ECAE5DD77}.Release|Any CPU.ActiveCfg = Release|Any CPU
		{1C459A7D-E764-4BD2-9FAD-697ECAE5DD77}.Release|Any CPU.Build.0 = Release|Any CPU
		{AB57ACD8-0C75-4438-8A4C-4C8FE2BAF884}.Debug|Any CPU.ActiveCfg = Debug|Any CPU
		{AB57ACD8-0C75-4438-8A4C-4C8FE2BAF884}.Debug|Any CPU.Build.0 = Debug|Any CPU
		{AB57ACD8-0C75-4438-8A4C-4C8FE2BAF884}.Release|Any CPU.ActiveCfg = Release|Any CPU
		{AB57ACD8-0C75-4438-8A4C-4C8FE2BAF884}.Release|Any CPU.Build.0 = Release|Any CPU
		{CD411F01-96E7-4F2B-BBCC-439829FD8C96}.Debug|Any CPU.ActiveCfg = Debug|Any CPU
		{CD411F01-96E7-4F2B-BBCC-439829FD8C96}.Debug|Any CPU.Build.0 = Debug|Any CPU
		{CD411F01-96E7-4F2B-BBCC-439829FD8C96}.Release|Any CPU.ActiveCfg = Release|Any CPU
		{CD411F01-96E7-4F2B-BBCC-439829FD8C96}.Release|Any CPU.Build.0 = Release|Any CPU
		{F959F23F-E70D-4ADD-BFF4-9658048BB752}.Debug|Any CPU.ActiveCfg = Debug|Any CPU
		{F959F23F-E70D-4ADD-BFF4-9658048BB752}.Debug|Any CPU.Build.0 = Debug|Any CPU
		{F959F23F-E70D-4ADD-BFF4-9658048BB752}.Release|Any CPU.ActiveCfg = Release|Any CPU
		{F959F23F-E70D-4ADD-BFF4-9658048BB752}.Release|Any CPU.Build.0 = Release|Any CPU
		{B738B549-DA02-4759-81E1-D2A8ED2CDE97}.Debug|Any CPU.ActiveCfg = Debug|Any CPU
		{B738B549-DA02-4759-81E1-D2A8ED2CDE97}.Debug|Any CPU.Build.0 = Debug|Any CPU
		{B738B549-DA02-4759-81E1-D2A8ED2CDE97}.Release|Any CPU.ActiveCfg = Release|Any CPU
		{B738B549-DA02-4759-81E1-D2A8ED2CDE97}.Release|Any CPU.Build.0 = Release|Any CPU
	EndGlobalSection
	GlobalSection(SolutionProperties) = preSolution
		HideSolutionNode = FALSE
	EndGlobalSection
	GlobalSection(NestedProjects) = preSolution
		{19CCE234-6F8A-4C56-8B7A-C246449367A2} = {8606CBD8-21F9-4E0D-BAEE-69C382613BF2}
		{D8459C42-88FE-4D47-817D-C55BBDC516D2} = {8606CBD8-21F9-4E0D-BAEE-69C382613BF2}
		{81F48563-66F6-40E8-90E4-5CD70B8241CE} = {8606CBD8-21F9-4E0D-BAEE-69C382613BF2}
		{AE8BF1B9-4465-4784-8B13-BDCFA4BEB1CA} = {8606CBD8-21F9-4E0D-BAEE-69C382613BF2}
		{3EE772B7-46DB-44F2-87EC-AD4AC5E3149E} = {D8459C42-88FE-4D47-817D-C55BBDC516D2}
		{EA077A0E-FBE5-44D3-85B5-9123CFC0239A} = {D8459C42-88FE-4D47-817D-C55BBDC516D2}
		{1C459A7D-E764-4BD2-9FAD-697ECAE5DD77} = {81F48563-66F6-40E8-90E4-5CD70B8241CE}
		{AB57ACD8-0C75-4438-8A4C-4C8FE2BAF884} = {81F48563-66F6-40E8-90E4-5CD70B8241CE}
		{CD411F01-96E7-4F2B-BBCC-439829FD8C96} = {A1AF4F8D-103F-4FB0-BA4B-A90B16A67310}
		{F959F23F-E70D-4ADD-BFF4-9658048BB752} = {19CCE234-6F8A-4C56-8B7A-C246449367A2}
		{B738B549-DA02-4759-81E1-D2A8ED2CDE97} = {AE8BF1B9-4465-4784-8B13-BDCFA4BEB1CA}
	EndGlobalSection
	GlobalSection(ExtensibilityGlobals) = postSolution
		SolutionGuid = {E765F75D-87E8-4573-86A0-1AB260A2861E}
	EndGlobalSection
EndGlobal
